
Microsoft Visual Studio Solution File, Format Version 12.00
# Visual Studio Version 16
VisualStudioVersion = 16.0.31624.102
MinimumVisualStudioVersion = 10.0.40219.1
Project("{FAE04EC0-301F-11D3-BF4B-00C04F79EFBC}") = "AppSpinnerListView", "AppSpinnerListView\AppSpinnerListView.csproj", "{D3483AFD-406E-48DE-B27A-929A6FDBC1C3}"
EndProject
Global
	GlobalSection(SolutionConfigurationPlatforms) = preSolution
		Debug|Any CPU = Debug|Any CPU
		Release|Any CPU = Release|Any CPU
	EndGlobalSection
	GlobalSection(ProjectConfigurationPlatforms) = postSolution
		{D3483AFD-406E-48DE-B27A-929A6FDBC1C3}.Debug|Any CPU.ActiveCfg = Debug|Any CPU
		{D3483AFD-406E-48DE-B27A-929A6FDBC1C3}.Debug|Any CPU.Build.0 = Debug|Any CPU
		{D3483AFD-406E-48DE-B27A-929A6FDBC1C3}.Debug|Any CPU.Deploy.0 = Debug|Any CPU
		{D3483AFD-406E-48DE-B27A-929A6FDBC1C3}.Release|Any CPU.ActiveCfg = Release|Any CPU
		{D3483AFD-406E-48DE-B27A-929A6FDBC1C3}.Release|Any CPU.Build.0 = Release|Any CPU
		{D3483AFD-406E-48DE-B27A-929A6FDBC1C3}.Release|Any CPU.Deploy.0 = Release|Any CPU
	EndGlobalSection
	GlobalSection(SolutionProperties) = preSolution
		HideSolutionNode = FALSE
	EndGlobalSection
	GlobalSection(ExtensibilityGlobals) = postSolution
		SolutionGuid = {76F40C28-E0AC-46AC-B6E9-012C799F4D23}
	EndGlobalSection
EndGlobal
