
Microsoft Visual Studio Solution File, Format Version 12.00
# Visual Studio Version 16
VisualStudioVersion = 16.0.31624.102
MinimumVisualStudioVersion = 10.0.40219.1
Project("{FAE04EC0-301F-11D3-BF4B-00C04F79EFBC}") = "AppCalculadoraSimples", "AppCalculadoraSimples\AppCalculadoraSimples.csproj", "{EA42F7D1-6B58-4409-8C41-5CDD120DC86F}"
EndProject
Global
	GlobalSection(SolutionConfigurationPlatforms) = preSolution
		Debug|Any CPU = Debug|Any CPU
		Release|Any CPU = Release|Any CPU
	EndGlobalSection
	GlobalSection(ProjectConfigurationPlatforms) = postSolution
		{EA42F7D1-6B58-4409-8C41-5CDD120DC86F}.Debug|Any CPU.ActiveCfg = Debug|Any CPU
		{EA42F7D1-6B58-4409-8C41-5CDD120DC86F}.Debug|Any CPU.Build.0 = Debug|Any CPU
		{EA42F7D1-6B58-4409-8C41-5CDD120DC86F}.Debug|Any CPU.Deploy.0 = Debug|Any CPU
		{EA42F7D1-6B58-4409-8C41-5CDD120DC86F}.Release|Any CPU.ActiveCfg = Release|Any CPU
		{EA42F7D1-6B58-4409-8C41-5CDD120DC86F}.Release|Any CPU.Build.0 = Release|Any CPU
		{EA42F7D1-6B58-4409-8C41-5CDD120DC86F}.Release|Any CPU.Deploy.0 = Release|Any CPU
	EndGlobalSection
	GlobalSection(SolutionProperties) = preSolution
		HideSolutionNode = FALSE
	EndGlobalSection
	GlobalSection(ExtensibilityGlobals) = postSolution
		SolutionGuid = {5FB56786-BC0E-49EF-BE8C-91A340732E7E}
	EndGlobalSection
EndGlobal
