
Microsoft Visual Studio Solution File, Format Version 12.00
# Visual Studio Version 16
VisualStudioVersion = 16.0.31624.102
MinimumVisualStudioVersion = 10.0.40219.1
Project("{FAE04EC0-301F-11D3-BF4B-00C04F79EFBC}") = "AppVariasTelas", "AppVariasTelas\AppVariasTelas.csproj", "{524A43E6-89B5-4FB9-BF5F-19220BF8295C}"
EndProject
Global
	GlobalSection(SolutionConfigurationPlatforms) = preSolution
		Debug|Any CPU = Debug|Any CPU
		Release|Any CPU = Release|Any CPU
	EndGlobalSection
	GlobalSection(ProjectConfigurationPlatforms) = postSolution
		{524A43E6-89B5-4FB9-BF5F-19220BF8295C}.Debug|Any CPU.ActiveCfg = Debug|Any CPU
		{524A43E6-89B5-4FB9-BF5F-19220BF8295C}.Debug|Any CPU.Build.0 = Debug|Any CPU
		{524A43E6-89B5-4FB9-BF5F-19220BF8295C}.Debug|Any CPU.Deploy.0 = Debug|Any CPU
		{524A43E6-89B5-4FB9-BF5F-19220BF8295C}.Release|Any CPU.ActiveCfg = Release|Any CPU
		{524A43E6-89B5-4FB9-BF5F-19220BF8295C}.Release|Any CPU.Build.0 = Release|Any CPU
		{524A43E6-89B5-4FB9-BF5F-19220BF8295C}.Release|Any CPU.Deploy.0 = Release|Any CPU
	EndGlobalSection
	GlobalSection(SolutionProperties) = preSolution
		HideSolutionNode = FALSE
	EndGlobalSection
	GlobalSection(ExtensibilityGlobals) = postSolution
		SolutionGuid = {6685504A-9375-401E-A4E3-01585D02E7CF}
	EndGlobalSection
EndGlobal
