
Microsoft Visual Studio Solution File, Format Version 12.00
# Visual Studio Version 16
VisualStudioVersion = 16.0.31702.278
MinimumVisualStudioVersion = 10.0.40219.1
Project("{FAE04EC0-301F-11D3-BF4B-00C04F79EFBC}") = "AppSaude", "AppSaude\AppSaude.csproj", "{E5D5D978-57CB-4B44-9C32-63F65E7614CE}"
EndProject
Global
	GlobalSection(SolutionConfigurationPlatforms) = preSolution
		Debug|Any CPU = Debug|Any CPU
		Release|Any CPU = Release|Any CPU
	EndGlobalSection
	GlobalSection(ProjectConfigurationPlatforms) = postSolution
		{E5D5D978-57CB-4B44-9C32-63F65E7614CE}.Debug|Any CPU.ActiveCfg = Debug|Any CPU
		{E5D5D978-57CB-4B44-9C32-63F65E7614CE}.Debug|Any CPU.Build.0 = Debug|Any CPU
		{E5D5D978-57CB-4B44-9C32-63F65E7614CE}.Debug|Any CPU.Deploy.0 = Debug|Any CPU
		{E5D5D978-57CB-4B44-9C32-63F65E7614CE}.Release|Any CPU.ActiveCfg = Release|Any CPU
		{E5D5D978-57CB-4B44-9C32-63F65E7614CE}.Release|Any CPU.Build.0 = Release|Any CPU
		{E5D5D978-57CB-4B44-9C32-63F65E7614CE}.Release|Any CPU.Deploy.0 = Release|Any CPU
	EndGlobalSection
	GlobalSection(SolutionProperties) = preSolution
		HideSolutionNode = FALSE
	EndGlobalSection
	GlobalSection(ExtensibilityGlobals) = postSolution
		SolutionGuid = {93F743AD-7642-4BCD-898D-7EE1EB7DD5CB}
	EndGlobalSection
EndGlobal
